
Microsoft Visual Studio Solution File, Format Version 12.00
# Visual Studio 15
VisualStudioVersion = 15.0.28307.168
MinimumVisualStudioVersion = 10.0.40219.1
Project("{FAE04EC0-301F-11D3-BF4B-00C04F79EFBC}") = "Tedd.DynamicBindingBenchmark", "Tedd.DynamicBindingBenchmark\Tedd.DynamicBindingBenchmark.csproj", "{17F8650D-EEFC-4639-ADCC-F6DF37B55834}"
EndProject
Global
	GlobalSection(SolutionConfigurationPlatforms) = preSolution
		Debug|Any CPU = Debug|Any CPU
		Release|Any CPU = Release|Any CPU
	EndGlobalSection
	GlobalSection(ProjectConfigurationPlatforms) = postSolution
		{17F8650D-EEFC-4639-ADCC-F6DF37B55834}.Debug|Any CPU.ActiveCfg = Debug|Any CPU
		{17F8650D-EEFC-4639-ADCC-F6DF37B55834}.Debug|Any CPU.Build.0 = Debug|Any CPU
		{17F8650D-EEFC-4639-ADCC-F6DF37B55834}.Release|Any CPU.ActiveCfg = Release|Any CPU
		{17F8650D-EEFC-4639-ADCC-F6DF37B55834}.Release|Any CPU.Build.0 = Release|Any CPU
	EndGlobalSection
	GlobalSection(SolutionProperties) = preSolution
		HideSolutionNode = FALSE
	EndGlobalSection
	GlobalSection(ExtensibilityGlobals) = postSolution
		SolutionGuid = {FCAA3472-B0AD-4092-8C36-AFFC31BB3404}
	EndGlobalSection
EndGlobal
